
Microsoft Visual Studio Solution File, Format Version 12.00
# Visual Studio Version 16
VisualStudioVersion = 25.0.1706.12
MinimumVisualStudioVersion = 10.0.40219.1
Project("{FAE04EC0-301F-11D3-BF4B-00C04F79EFBC}") = "WordsCounter.Application", "WordsCounter.Application\WordsCounter.Application.csproj", "{1A4E8F6D-C7FF-4320-ABB3-1A2CBE459A45}"
EndProject
Global
	GlobalSection(SolutionConfigurationPlatforms) = preSolution
		Debug|Any CPU = Debug|Any CPU
		Release|Any CPU = Release|Any CPU
	EndGlobalSection
	GlobalSection(ProjectConfigurationPlatforms) = postSolution
		{1A4E8F6D-C7FF-4320-ABB3-1A2CBE459A45}.Debug|Any CPU.ActiveCfg = Debug|Any CPU
		{1A4E8F6D-C7FF-4320-ABB3-1A2CBE459A45}.Debug|Any CPU.Build.0 = Debug|Any CPU
		{1A4E8F6D-C7FF-4320-ABB3-1A2CBE459A45}.Release|Any CPU.ActiveCfg = Release|Any CPU
		{1A4E8F6D-C7FF-4320-ABB3-1A2CBE459A45}.Release|Any CPU.Build.0 = Release|Any CPU
	EndGlobalSection
	GlobalSection(SolutionProperties) = preSolution
		HideSolutionNode = FALSE
	EndGlobalSection
	GlobalSection(ExtensibilityGlobals) = postSolution
		SolutionGuid = {0E10F2F9-34D5-4889-AA54-8C0EB2466E18}
	EndGlobalSection
EndGlobal
